
Microsoft Visual Studio Solution File, Format Version 12.00
# Visual Studio Version 17
Project("{8BC9CEB8-8B4A-11D0-8D11-00A0C91BC942}") = "ALL_BUILD", "ALL_BUILD.vcxproj", "{D55B6CE9-CBCA-3176-BF1A-B6CBFDE96669}"
	ProjectSection(ProjectDependencies) = postProject
		{2A52E755-6FC9-397D-80FA-635E298924F7} = {2A52E755-6FC9-397D-80FA-635E298924F7}
		{9533AB64-3C00-3746-935D-5569DF7335D3} = {9533AB64-3C00-3746-935D-5569DF7335D3}
		{38151BBC-149C-35FB-A580-DAC0D6B3B2F2} = {38151BBC-149C-35FB-A580-DAC0D6B3B2F2}
	EndProjectSection
EndProject
Project("{8BC9CEB8-8B4A-11D0-8D11-00A0C91BC942}") = "INSTALL", "INSTALL.vcxproj", "{6B9ACF7B-463B-3ABC-97FA-557ED38762A7}"
	ProjectSection(ProjectDependencies) = postProject
		{D55B6CE9-CBCA-3176-BF1A-B6CBFDE96669} = {D55B6CE9-CBCA-3176-BF1A-B6CBFDE96669}
		{2A52E755-6FC9-397D-80FA-635E298924F7} = {2A52E755-6FC9-397D-80FA-635E298924F7}
	EndProjectSection
EndProject
Project("{8BC9CEB8-8B4A-11D0-8D11-00A0C91BC942}") = "PACKAGE", "PACKAGE.vcxproj", "{AE581A83-831A-33CB-A7B9-99E20DA75ED2}"
	ProjectSection(ProjectDependencies) = postProject
		{D55B6CE9-CBCA-3176-BF1A-B6CBFDE96669} = {D55B6CE9-CBCA-3176-BF1A-B6CBFDE96669}
		{2A52E755-6FC9-397D-80FA-635E298924F7} = {2A52E755-6FC9-397D-80FA-635E298924F7}
	EndProjectSection
EndProject
Project("{8BC9CEB8-8B4A-11D0-8D11-00A0C91BC942}") = "RUN_TESTS", "RUN_TESTS.vcxproj", "{AAB83864-DA5F-35E1-974F-BDC9F310C785}"
	ProjectSection(ProjectDependencies) = postProject
		{2A52E755-6FC9-397D-80FA-635E298924F7} = {2A52E755-6FC9-397D-80FA-635E298924F7}
	EndProjectSection
EndProject
Project("{8BC9CEB8-8B4A-11D0-8D11-00A0C91BC942}") = "ZERO_CHECK", "..\..\..\\ZERO_CHECK.vcxproj", "{2A52E755-6FC9-397D-80FA-635E298924F7}"
	ProjectSection(ProjectDependencies) = postProject
	EndProjectSection
EndProject
Project("{8BC9CEB8-8B4A-11D0-8D11-00A0C91BC942}") = "iec62351_5_demo_client", "iec62351_5_demo_client.vcxproj", "{9533AB64-3C00-3746-935D-5569DF7335D3}"
	ProjectSection(ProjectDependencies) = postProject
		{2A52E755-6FC9-397D-80FA-635E298924F7} = {2A52E755-6FC9-397D-80FA-635E298924F7}
		{7B75DD8E-B40D-39AA-B2F7-763C7E96CE72} = {7B75DD8E-B40D-39AA-B2F7-763C7E96CE72}
		{A50F6F74-6814-33C3-84D7-5760A8D42315} = {A50F6F74-6814-33C3-84D7-5760A8D42315}
	EndProjectSection
EndProject
Project("{8BC9CEB8-8B4A-11D0-8D11-00A0C91BC942}") = "iec62351_5_demo_server", "iec62351_5_demo_server.vcxproj", "{38151BBC-149C-35FB-A580-DAC0D6B3B2F2}"
	ProjectSection(ProjectDependencies) = postProject
		{2A52E755-6FC9-397D-80FA-635E298924F7} = {2A52E755-6FC9-397D-80FA-635E298924F7}
		{7B75DD8E-B40D-39AA-B2F7-763C7E96CE72} = {7B75DD8E-B40D-39AA-B2F7-763C7E96CE72}
		{A50F6F74-6814-33C3-84D7-5760A8D42315} = {A50F6F74-6814-33C3-84D7-5760A8D42315}
	EndProjectSection
EndProject
Project("{8BC9CEB8-8B4A-11D0-8D11-00A0C91BC942}") = "lib60870", "..\..\..\\lib60870.vcxproj", "{7B75DD8E-B40D-39AA-B2F7-763C7E96CE72}"
	ProjectSection(ProjectDependencies) = postProject
		{2A52E755-6FC9-397D-80FA-635E298924F7} = {2A52E755-6FC9-397D-80FA-635E298924F7}
		{A50F6F74-6814-33C3-84D7-5760A8D42315} = {A50F6F74-6814-33C3-84D7-5760A8D42315}
	EndProjectSection
EndProject
Project("{8BC9CEB8-8B4A-11D0-8D11-00A0C91BC942}") = "mbedtls_static", "..\..\..\\mbedtls_static.vcxproj", "{A50F6F74-6814-33C3-84D7-5760A8D42315}"
	ProjectSection(ProjectDependencies) = postProject
		{2A52E755-6FC9-397D-80FA-635E298924F7} = {2A52E755-6FC9-397D-80FA-635E298924F7}
	EndProjectSection
EndProject
Global
	GlobalSection(SolutionConfigurationPlatforms) = preSolution
		Debug|x64 = Debug|x64
		Release|x64 = Release|x64
		MinSizeRel|x64 = MinSizeRel|x64
		RelWithDebInfo|x64 = RelWithDebInfo|x64
	EndGlobalSection
	GlobalSection(ProjectConfigurationPlatforms) = postSolution
		{D55B6CE9-CBCA-3176-BF1A-B6CBFDE96669}.Debug|x64.ActiveCfg = Debug|x64
		{D55B6CE9-CBCA-3176-BF1A-B6CBFDE96669}.Debug|x64.Build.0 = Debug|x64
		{D55B6CE9-CBCA-3176-BF1A-B6CBFDE96669}.Release|x64.ActiveCfg = Release|x64
		{D55B6CE9-CBCA-3176-BF1A-B6CBFDE96669}.Release|x64.Build.0 = Release|x64
		{D55B6CE9-CBCA-3176-BF1A-B6CBFDE96669}.MinSizeRel|x64.ActiveCfg = MinSizeRel|x64
		{D55B6CE9-CBCA-3176-BF1A-B6CBFDE96669}.MinSizeRel|x64.Build.0 = MinSizeRel|x64
		{D55B6CE9-CBCA-3176-BF1A-B6CBFDE96669}.RelWithDebInfo|x64.ActiveCfg = RelWithDebInfo|x64
		{D55B6CE9-CBCA-3176-BF1A-B6CBFDE96669}.RelWithDebInfo|x64.Build.0 = RelWithDebInfo|x64
		{6B9ACF7B-463B-3ABC-97FA-557ED38762A7}.Debug|x64.ActiveCfg = Debug|x64
		{6B9ACF7B-463B-3ABC-97FA-557ED38762A7}.Release|x64.ActiveCfg = Release|x64
		{6B9ACF7B-463B-3ABC-97FA-557ED38762A7}.MinSizeRel|x64.ActiveCfg = MinSizeRel|x64
		{6B9ACF7B-463B-3ABC-97FA-557ED38762A7}.RelWithDebInfo|x64.ActiveCfg = RelWithDebInfo|x64
		{AE581A83-831A-33CB-A7B9-99E20DA75ED2}.Debug|x64.ActiveCfg = Debug|x64
		{AE581A83-831A-33CB-A7B9-99E20DA75ED2}.Release|x64.ActiveCfg = Release|x64
		{AE581A83-831A-33CB-A7B9-99E20DA75ED2}.MinSizeRel|x64.ActiveCfg = MinSizeRel|x64
		{AE581A83-831A-33CB-A7B9-99E20DA75ED2}.RelWithDebInfo|x64.ActiveCfg = RelWithDebInfo|x64
		{AAB83864-DA5F-35E1-974F-BDC9F310C785}.Debug|x64.ActiveCfg = Debug|x64
		{AAB83864-DA5F-35E1-974F-BDC9F310C785}.Release|x64.ActiveCfg = Release|x64
		{AAB83864-DA5F-35E1-974F-BDC9F310C785}.MinSizeRel|x64.ActiveCfg = MinSizeRel|x64
		{AAB83864-DA5F-35E1-974F-BDC9F310C785}.RelWithDebInfo|x64.ActiveCfg = RelWithDebInfo|x64
		{2A52E755-6FC9-397D-80FA-635E298924F7}.Debug|x64.ActiveCfg = Debug|x64
		{2A52E755-6FC9-397D-80FA-635E298924F7}.Debug|x64.Build.0 = Debug|x64
		{2A52E755-6FC9-397D-80FA-635E298924F7}.Release|x64.ActiveCfg = Release|x64
		{2A52E755-6FC9-397D-80FA-635E298924F7}.Release|x64.Build.0 = Release|x64
		{2A52E755-6FC9-397D-80FA-635E298924F7}.MinSizeRel|x64.ActiveCfg = MinSizeRel|x64
		{2A52E755-6FC9-397D-80FA-635E298924F7}.MinSizeRel|x64.Build.0 = MinSizeRel|x64
		{2A52E755-6FC9-397D-80FA-635E298924F7}.RelWithDebInfo|x64.ActiveCfg = RelWithDebInfo|x64
		{2A52E755-6FC9-397D-80FA-635E298924F7}.RelWithDebInfo|x64.Build.0 = RelWithDebInfo|x64
		{9533AB64-3C00-3746-935D-5569DF7335D3}.Debug|x64.ActiveCfg = Debug|x64
		{9533AB64-3C00-3746-935D-5569DF7335D3}.Debug|x64.Build.0 = Debug|x64
		{9533AB64-3C00-3746-935D-5569DF7335D3}.Release|x64.ActiveCfg = Release|x64
		{9533AB64-3C00-3746-935D-5569DF7335D3}.Release|x64.Build.0 = Release|x64
		{9533AB64-3C00-3746-935D-5569DF7335D3}.MinSizeRel|x64.ActiveCfg = MinSizeRel|x64
		{9533AB64-3C00-3746-935D-5569DF7335D3}.MinSizeRel|x64.Build.0 = MinSizeRel|x64
		{9533AB64-3C00-3746-935D-5569DF7335D3}.RelWithDebInfo|x64.ActiveCfg = RelWithDebInfo|x64
		{9533AB64-3C00-3746-935D-5569DF7335D3}.RelWithDebInfo|x64.Build.0 = RelWithDebInfo|x64
		{38151BBC-149C-35FB-A580-DAC0D6B3B2F2}.Debug|x64.ActiveCfg = Debug|x64
		{38151BBC-149C-35FB-A580-DAC0D6B3B2F2}.Debug|x64.Build.0 = Debug|x64
		{38151BBC-149C-35FB-A580-DAC0D6B3B2F2}.Release|x64.ActiveCfg = Release|x64
		{38151BBC-149C-35FB-A580-DAC0D6B3B2F2}.Release|x64.Build.0 = Release|x64
		{38151BBC-149C-35FB-A580-DAC0D6B3B2F2}.MinSizeRel|x64.ActiveCfg = MinSizeRel|x64
		{38151BBC-149C-35FB-A580-DAC0D6B3B2F2}.MinSizeRel|x64.Build.0 = MinSizeRel|x64
		{38151BBC-149C-35FB-A580-DAC0D6B3B2F2}.RelWithDebInfo|x64.ActiveCfg = RelWithDebInfo|x64
		{38151BBC-149C-35FB-A580-DAC0D6B3B2F2}.RelWithDebInfo|x64.Build.0 = RelWithDebInfo|x64
		{7B75DD8E-B40D-39AA-B2F7-763C7E96CE72}.Debug|x64.ActiveCfg = Debug|x64
		{7B75DD8E-B40D-39AA-B2F7-763C7E96CE72}.Debug|x64.Build.0 = Debug|x64
		{7B75DD8E-B40D-39AA-B2F7-763C7E96CE72}.Release|x64.ActiveCfg = Release|x64
		{7B75DD8E-B40D-39AA-B2F7-763C7E96CE72}.Release|x64.Build.0 = Release|x64
		{7B75DD8E-B40D-39AA-B2F7-763C7E96CE72}.MinSizeRel|x64.ActiveCfg = MinSizeRel|x64
		{7B75DD8E-B40D-39AA-B2F7-763C7E96CE72}.MinSizeRel|x64.Build.0 = MinSizeRel|x64
		{7B75DD8E-B40D-39AA-B2F7-763C7E96CE72}.RelWithDebInfo|x64.ActiveCfg = RelWithDebInfo|x64
		{7B75DD8E-B40D-39AA-B2F7-763C7E96CE72}.RelWithDebInfo|x64.Build.0 = RelWithDebInfo|x64
		{A50F6F74-6814-33C3-84D7-5760A8D42315}.Debug|x64.ActiveCfg = Debug|x64
		{A50F6F74-6814-33C3-84D7-5760A8D42315}.Debug|x64.Build.0 = Debug|x64
		{A50F6F74-6814-33C3-84D7-5760A8D42315}.Release|x64.ActiveCfg = Release|x64
		{A50F6F74-6814-33C3-84D7-5760A8D42315}.Release|x64.Build.0 = Release|x64
		{A50F6F74-6814-33C3-84D7-5760A8D42315}.MinSizeRel|x64.ActiveCfg = MinSizeRel|x64
		{A50F6F74-6814-33C3-84D7-5760A8D42315}.MinSizeRel|x64.Build.0 = MinSizeRel|x64
		{A50F6F74-6814-33C3-84D7-5760A8D42315}.RelWithDebInfo|x64.ActiveCfg = RelWithDebInfo|x64
		{A50F6F74-6814-33C3-84D7-5760A8D42315}.RelWithDebInfo|x64.Build.0 = RelWithDebInfo|x64
	EndGlobalSection
	GlobalSection(ExtensibilityGlobals) = postSolution
		SolutionGuid = {34590C6B-1D67-3F86-B2BE-969A4F32CE73}
	EndGlobalSection
	GlobalSection(ExtensibilityAddIns) = postSolution
	EndGlobalSection
EndGlobal
